
Microsoft Visual Studio Solution File, Format Version 12.00
# Visual Studio Version 16
VisualStudioVersion = 16.0.29326.143
MinimumVisualStudioVersion = 10.0.40219.1
Project("{FAE04EC0-301F-11D3-BF4B-00C04F79EFBC}") = "DFAPlugin", "DFAPlugin\DFAPlugin.csproj", "{2AA0CE5F-8599-4FFC-AF7B-6E95825F997B}"
EndProject
Global
	GlobalSection(SolutionConfigurationPlatforms) = preSolution
		Debug|Any CPU = Debug|Any CPU
		Release|Any CPU = Release|Any CPU
	EndGlobalSection
	GlobalSection(ProjectConfigurationPlatforms) = postSolution
		{2AA0CE5F-8599-4FFC-AF7B-6E95825F997B}.Debug|Any CPU.ActiveCfg = Debug|Any CPU
		{2AA0CE5F-8599-4FFC-AF7B-6E95825F997B}.Debug|Any CPU.Build.0 = Debug|Any CPU
		{2AA0CE5F-8599-4FFC-AF7B-6E95825F997B}.Release|Any CPU.ActiveCfg = Release|Any CPU
		{2AA0CE5F-8599-4FFC-AF7B-6E95825F997B}.Release|Any CPU.Build.0 = Release|Any CPU
	EndGlobalSection
	GlobalSection(SolutionProperties) = preSolution
		HideSolutionNode = FALSE
	EndGlobalSection
	GlobalSection(ExtensibilityGlobals) = postSolution
		SolutionGuid = {A2F6E50A-8C5A-47D6-B19D-C36F5DF5BEF5}
	EndGlobalSection
EndGlobal
